
Microsoft Visual Studio Solution File, Format Version 12.00
# Visual Studio Version 17
VisualStudioVersion = 17.14.36518.9 d17.14
MinimumVisualStudioVersion = 10.0.40219.1
Project("{FAE04EC0-301F-11D3-BF4B-00C04F79EFBC}") = "Web", "Web\Web.csproj", "{2C44F847-5F4C-4271-92F2-6E169A870A18}"
EndProject
Global
	GlobalSection(SolutionConfigurationPlatforms) = preSolution
		Debug|Any CPU = Debug|Any CPU
		Release|Any CPU = Release|Any CPU
	EndGlobalSection
	GlobalSection(ProjectConfigurationPlatforms) = postSolution
		{2C44F847-5F4C-4271-92F2-6E169A870A18}.Debug|Any CPU.ActiveCfg = Debug|Any CPU
		{2C44F847-5F4C-4271-92F2-6E169A870A18}.Debug|Any CPU.Build.0 = Debug|Any CPU
		{2C44F847-5F4C-4271-92F2-6E169A870A18}.Release|Any CPU.ActiveCfg = Release|Any CPU
		{2C44F847-5F4C-4271-92F2-6E169A870A18}.Release|Any CPU.Build.0 = Release|Any CPU
	EndGlobalSection
	GlobalSection(SolutionProperties) = preSolution
		HideSolutionNode = FALSE
	EndGlobalSection
	GlobalSection(ExtensibilityGlobals) = postSolution
		SolutionGuid = {92969E84-5B0E-42C6-9C45-6936F0DA9467}
	EndGlobalSection
EndGlobal
